
Microsoft Visual Studio Solution File, Format Version 12.00
# Visual Studio Version 16
VisualStudioVersion = 16.0.30330.147
MinimumVisualStudioVersion = 10.0.40219.1
Project("{FAE04EC0-301F-11D3-BF4B-00C04F79EFBC}") = "Poppel Ordering System", "Poppel Ordering System.csproj", "{3B812B4C-AAE2-4CE6-BEF5-7D52D8D426DF}"
EndProject
Global
	GlobalSection(SolutionConfigurationPlatforms) = preSolution
		Debug|Any CPU = Debug|Any CPU
		Release|Any CPU = Release|Any CPU
	EndGlobalSection
	GlobalSection(ProjectConfigurationPlatforms) = postSolution
		{3B812B4C-AAE2-4CE6-BEF5-7D52D8D426DF}.Debug|Any CPU.ActiveCfg = Debug|Any CPU
		{3B812B4C-AAE2-4CE6-BEF5-7D52D8D426DF}.Debug|Any CPU.Build.0 = Debug|Any CPU
		{3B812B4C-AAE2-4CE6-BEF5-7D52D8D426DF}.Release|Any CPU.ActiveCfg = Release|Any CPU
		{3B812B4C-AAE2-4CE6-BEF5-7D52D8D426DF}.Release|Any CPU.Build.0 = Release|Any CPU
	EndGlobalSection
	GlobalSection(SolutionProperties) = preSolution
		HideSolutionNode = FALSE
	EndGlobalSection
	GlobalSection(ExtensibilityGlobals) = postSolution
		SolutionGuid = {24CEED47-697A-4E96-BC2E-2D9ED01585E0}
	EndGlobalSection
EndGlobal
